
Microsoft Visual Studio Solution File, Format Version 12.00
# Visual Studio Version 17
VisualStudioVersion = 17.10.34928.147
MinimumVisualStudioVersion = 10.0.40219.1
Project("{8BC9CEB8-8B4A-11D0-8D11-00A0C91BC942}") = "HelloOpenSiv3D", "HelloOpenSiv3D.vcxproj", "{9F056ED2-DF9C-4BE0-8D94-C164C355387E}"
EndProject
Global
	GlobalSection(SolutionConfigurationPlatforms) = preSolution
		Debug|x64 = Debug|x64
		Release|x64 = Release|x64
	EndGlobalSection
	GlobalSection(ProjectConfigurationPlatforms) = postSolution
		{9F056ED2-DF9C-4BE0-8D94-C164C355387E}.Debug|x64.ActiveCfg = Debug|x64
		{9F056ED2-DF9C-4BE0-8D94-C164C355387E}.Debug|x64.Build.0 = Debug|x64
		{9F056ED2-DF9C-4BE0-8D94-C164C355387E}.Release|x64.ActiveCfg = Release|x64
		{9F056ED2-DF9C-4BE0-8D94-C164C355387E}.Release|x64.Build.0 = Release|x64
	EndGlobalSection
	GlobalSection(SolutionProperties) = preSolution
		HideSolutionNode = FALSE
	EndGlobalSection
	GlobalSection(ExtensibilityGlobals) = postSolution
		SolutionGuid = {29B34585-AE6B-4142-884B-667792A54EAB}
	EndGlobalSection
EndGlobal
